
Microsoft Visual Studio Solution File, Format Version 12.00
# Visual Studio 15
VisualStudioVersion = 15.0.28010.2041
MinimumVisualStudioVersion = 10.0.40219.1
Project("{FAE04EC0-301F-11D3-BF4B-00C04F79EFBC}") = "StreamReader", "StreamReader\StreamReader.csproj", "{BEA06888-7AB2-463B-8505-42F5477FD4F9}"
EndProject
Global
	GlobalSection(SolutionConfigurationPlatforms) = preSolution
		Debug|Any CPU = Debug|Any CPU
		Release|Any CPU = Release|Any CPU
	EndGlobalSection
	GlobalSection(ProjectConfigurationPlatforms) = postSolution
		{BEA06888-7AB2-463B-8505-42F5477FD4F9}.Debug|Any CPU.ActiveCfg = Debug|Any CPU
		{BEA06888-7AB2-463B-8505-42F5477FD4F9}.Debug|Any CPU.Build.0 = Debug|Any CPU
		{BEA06888-7AB2-463B-8505-42F5477FD4F9}.Release|Any CPU.ActiveCfg = Release|Any CPU
		{BEA06888-7AB2-463B-8505-42F5477FD4F9}.Release|Any CPU.Build.0 = Release|Any CPU
	EndGlobalSection
	GlobalSection(SolutionProperties) = preSolution
		HideSolutionNode = FALSE
	EndGlobalSection
	GlobalSection(ExtensibilityGlobals) = postSolution
		SolutionGuid = {A90A2C4B-6FE5-413F-B8CC-9DDCB91A3057}
	EndGlobalSection
EndGlobal
